// !$*UTF8*$!
{
	archiveVersion = 1;
	classes = {
	};
	objectVersion = 46;
	objects = {

/* Begin PBXBuildFile section */
		7D17EDA31C6A878000BB220D /* AppDelegate.swift in Sources */ = {isa = PBXBuildFile; fileRef = 7D17EDA21C6A878000BB220D /* AppDelegate.swift */; };
		7D17EDA81C6A878000BB220D /* Main.storyboard in Resources */ = {isa = PBXBuildFile; fileRef = 7D17EDA61C6A878000BB220D /* Main.storyboard */; };
		7D17EDAA1C6A878000BB220D /* Assets.xcassets in Resources */ = {isa = PBXBuildFile; fileRef = 7D17EDA91C6A878000BB220D /* Assets.xcassets */; };
		7D17EDAD1C6A878000BB220D /* LaunchScreen.storyboard in Resources */ = {isa = PBXBuildFile; fileRef = 7D17EDAB1C6A878000BB220D /* LaunchScreen.storyboard */; };
		7D17EDB81C6A878000BB220D /* RoShamBoTests.swift in Sources */ = {isa = PBXBuildFile; fileRef = 7D17EDB71C6A878000BB220D /* RoShamBoTests.swift */; };
		7D17EDC31C6A878000BB220D /* RoShamBoUITests.swift in Sources */ = {isa = PBXBuildFile; fileRef = 7D17EDC21C6A878000BB220D /* RoShamBoUITests.swift */; };
		7D17EDD11C6A8A6B00BB220D /* RoShamBoViewController.swift in Sources */ = {isa = PBXBuildFile; fileRef = 7D17EDD01C6A8A6B00BB220D /* RoShamBoViewController.swift */; };
		7D17EDD31C6A8FDD00BB220D /* WhoWonViewController.swift in Sources */ = {isa = PBXBuildFile; fileRef = 7D17EDD21C6A8FDD00BB220D /* WhoWonViewController.swift */; };
/* End PBXBuildFile section */

/* Begin PBXContainerItemProxy section */
		7D17EDB41C6A878000BB220D /* PBXContainerItemProxy */ = {
			isa = PBXContainerItemProxy;
			containerPortal = 7D17ED971C6A878000BB220D /* Project object */;
			proxyType = 1;
			remoteGlobalIDString = 7D17ED9E1C6A878000BB220D;
			remoteInfo = RoShamBo;
		};
		7D17EDBF1C6A878000BB220D /* PBXContainerItemProxy */ = {
			isa = PBXContainerItemProxy;
			containerPortal = 7D17ED971C6A878000BB220D /* Project object */;
			proxyType = 1;
			remoteGlobalIDString = 7D17ED9E1C6A878000BB220D;
			remoteInfo = RoShamBo;
		};
/* End PBXContainerItemProxy section */

/* Begin PBXFileReference section */
		7D17ED9F1C6A878000BB220D /* RoShamBo.app */ = {isa = PBXFileReference; explicitFileType = wrapper.application; includeInIndex = 0; path = RoShamBo.app; sourceTree = BUILT_PRODUCTS_DIR; };
		7D17EDA21C6A878000BB220D /* AppDelegate.swift */ = {isa = PBXFileReference; lastKnownFileType = sourcecode.swift; path = AppDelegate.swift; sourceTree = "<group>"; };
		7D17EDA71C6A878000BB220D /* Base */ = {isa = PBXFileReference; lastKnownFileType = file.storyboard; name = Base; path = Base.lproj/Main.storyboard; sourceTree = "<group>"; };
		7D17EDA91C6A878000BB220D /* Assets.xcassets */ = {isa = PBXFileReference; lastKnownFileType = folder.assetcatalog; path = Assets.xcassets; sourceTree = "<group>"; };
		7D17EDAC1C6A878000BB220D /* Base */ = {isa = PBXFileReference; lastKnownFileType = file.storyboard; name = Base; path = Base.lproj/LaunchScreen.storyboard; sourceTree = "<group>"; };
		7D17EDAE1C6A878000BB220D /* Info.plist */ = {isa = PBXFileReference; lastKnownFileType = text.plist.xml; path = Info.plist; sourceTree = "<group>"; };
		7D17EDB31C6A878000BB220D /* RoShamBoTests.xctest */ = {isa = PBXFileReference; explicitFileType = wrapper.cfbundle; includeInIndex = 0; path = RoShamBoTests.xctest; sourceTree = BUILT_PRODUCTS_DIR; };
		7D17EDB71C6A878000BB220D /* RoShamBoTests.swift */ = {isa = PBXFileReference; lastKnownFileType = sourcecode.swift; path = RoShamBoTests.swift; sourceTree = "<group>"; };
		7D17EDB91C6A878000BB220D /* Info.plist */ = {isa = PBXFileReference; lastKnownFileType = text.plist.xml; path = Info.plist; sourceTree = "<group>"; };
		7D17EDBE1C6A878000BB220D /* RoShamBoUITests.xctest */ = {isa = PBXFileReference; explicitFileType = wrapper.cfbundle; includeInIndex = 0; path = RoShamBoUITests.xctest; sourceTree = BUILT_PRODUCTS_DIR; };
		7D17EDC21C6A878000BB220D /* RoShamBoUITests.swift */ = {isa = PBXFileReference; lastKnownFileType = sourcecode.swift; path = RoShamBoUITests.swift; sourceTree = "<group>"; };
		7D17EDC41C6A878000BB220D /* Info.plist */ = {isa = PBXFileReference; lastKnownFileType = text.plist.xml; path = Info.plist; sourceTree = "<group>"; };
		7D17EDD01C6A8A6B00BB220D /* RoShamBoViewController.swift */ = {isa = PBXFileReference; fileEncoding = 4; lastKnownFileType = sourcecode.swift; path = RoShamBoViewController.swift; sourceTree = "<group>"; };
		7D17EDD21C6A8FDD00BB220D /* WhoWonViewController.swift */ = {isa = PBXFileReference; fileEncoding = 4; lastKnownFileType = sourcecode.swift; path = WhoWonViewController.swift; sourceTree = "<group>"; };
/* End PBXFileReference section */

/* Begin PBXFrameworksBuildPhase section */
		7D17ED9C1C6A878000BB220D /* Frameworks */ = {
			isa = PBXFrameworksBuildPhase;
			buildActionMask = 2147483647;
			files = (
			);
			runOnlyForDeploymentPostprocessing = 0;
		};
		7D17EDB01C6A878000BB220D /* Frameworks */ = {
			isa = PBXFrameworksBuildPhase;
			buildActionMask = 2147483647;
			files = (
			);
			runOnlyForDeploymentPostprocessing = 0;
		};
		7D17EDBB1C6A878000BB220D /* Frameworks */ = {
			isa = PBXFrameworksBuildPhase;
			buildActionMask = 2147483647;
			files = (
			);
			runOnlyForDeploymentPostprocessing = 0;
		};
/* End PBXFrameworksBuildPhase section */

/* Begin PBXGroup section */
		7D17ED961C6A878000BB220D = {
			isa = PBXGroup;
			children = (
				7D17EDA11C6A878000BB220D /* RoShamBo */,
				7D17EDB61C6A878000BB220D /* RoShamBoTests */,
				7D17EDC11C6A878000BB220D /* RoShamBoUITests */,
				7D17EDA01C6A878000BB220D /* Products */,
			);
			sourceTree = "<group>";
		};
		7D17EDA01C6A878000BB220D /* Products */ = {
			isa = PBXGroup;
			children = (
				7D17ED9F1C6A878000BB220D /* RoShamBo.app */,
				7D17EDB31C6A878000BB220D /* RoShamBoTests.xctest */,
				7D17EDBE1C6A878000BB220D /* RoShamBoUITests.xctest */,
			);
			name = Products;
			sourceTree = "<group>";
		};
		7D17EDA11C6A878000BB220D /* RoShamBo */ = {
			isa = PBXGroup;
			children = (
				7D17EDA21C6A878000BB220D /* AppDelegate.swift */,
				7D17EDA61C6A878000BB220D /* Main.storyboard */,
				7D17EDD21C6A8FDD00BB220D /* WhoWonViewController.swift */,
				7D17EDD01C6A8A6B00BB220D /* RoShamBoViewController.swift */,
				7D17EDA91C6A878000BB220D /* Assets.xcassets */,
				7D17EDAB1C6A878000BB220D /* LaunchScreen.storyboard */,
				7D17EDAE1C6A878000BB220D /* Info.plist */,
			);
			path = RoShamBo;
			sourceTree = "<group>";
		};
		7D17EDB61C6A878000BB220D /* RoShamBoTests */ = {
			isa = PBXGroup;
			children = (
				7D17EDB71C6A878000BB220D /* RoShamBoTests.swift */,
				7D17EDB91C6A878000BB220D /* Info.plist */,
			);
			path = RoShamBoTests;
			sourceTree = "<group>";
		};
		7D17EDC11C6A878000BB220D /* RoShamBoUITests */ = {
			isa = PBXGroup;
			children = (
				7D17EDC21C6A878000BB220D /* RoShamBoUITests.swift */,
				7D17EDC41C6A878000BB220D /* Info.plist */,
			);
			path = RoShamBoUITests;
			sourceTree = "<group>";
		};
/* End PBXGroup section */

/* Begin PBXNativeTarget section */
		7D17ED9E1C6A878000BB220D /* RoShamBo */ = {
			isa = PBXNativeTarget;
			buildConfigurationList = 7D17EDC71C6A878000BB220D /* Build configuration list for PBXNativeTarget "RoShamBo" */;
			buildPhases = (
				7D17ED9B1C6A878000BB220D /* Sources */,
				7D17ED9C1C6A878000BB220D /* Frameworks */,
				7D17ED9D1C6A878000BB220D /* Resources */,
			);
			buildRules = (
			);
			dependencies = (
			);
			name = RoShamBo;
			productName = RoShamBo;
			productReference = 7D17ED9F1C6A878000BB220D /* RoShamBo.app */;
			productType = "com.apple.product-type.application";
		};
		7D17EDB21C6A878000BB220D /* RoShamBoTests */ = {
			isa = PBXNativeTarget;
			buildConfigurationList = 7D17EDCA1C6A878000BB220D /* Build configuration list for PBXNativeTarget "RoShamBoTests" */;
			buildPhases = (
				7D17EDAF1C6A878000BB220D /* Sources */,
				7D17EDB01C6A878000BB220D /* Frameworks */,
				7D17EDB11C6A878000BB220D /* Resources */,
			);
			buildRules = (
			);
			dependencies = (
				7D17EDB51C6A878000BB220D /* PBXTargetDependency */,
			);
			name = RoShamBoTests;
			productName = RoShamBoTests;
			productReference = 7D17EDB31C6A878000BB220D /* RoShamBoTests.xctest */;
			productType = "com.apple.product-type.bundle.unit-test";
		};
		7D17EDBD1C6A878000BB220D /* RoShamBoUITests */ = {
			isa = PBXNativeTarget;
			buildConfigurationList = 7D17EDCD1C6A878000BB220D /* Build configuration list for PBXNativeTarget "RoShamBoUITests" */;
			buildPhases = (
				7D17EDBA1C6A878000BB220D /* Sources */,
				7D17EDBB1C6A878000BB220D /* Frameworks */,
				7D17EDBC1C6A878000BB220D /* Resources */,
			);
			buildRules = (
			);
			dependencies = (
				7D17EDC01C6A878000BB220D /* PBXTargetDependency */,
			);
			name = RoShamBoUITests;
			productName = RoShamBoUITests;
			productReference = 7D17EDBE1C6A878000BB220D /* RoShamBoUITests.xctest */;
			productType = "com.apple.product-type.bundle.ui-testing";
		};
/* End PBXNativeTarget section */

/* Begin PBXProject section */
		7D17ED971C6A878000BB220D /* Project object */ = {
			isa = PBXProject;
			attributes = {
				LastSwiftUpdateCheck = 0720;
				LastUpgradeCheck = 0720;
				ORGANIZATIONNAME = "Nathaniel PiSierra";
				TargetAttributes = {
					7D17ED9E1C6A878000BB220D = {
						CreatedOnToolsVersion = 7.2;
						DevelopmentTeam = 9258A8T4HT;
					};
					7D17EDB21C6A878000BB220D = {
						CreatedOnToolsVersion = 7.2;
						DevelopmentTeam = 9258A8T4HT;
						TestTargetID = 7D17ED9E1C6A878000BB220D;
					};
					7D17EDBD1C6A878000BB220D = {
						CreatedOnToolsVersion = 7.2;
						DevelopmentTeam = 9258A8T4HT;
						TestTargetID = 7D17ED9E1C6A878000BB220D;
					};
				};
			};
			buildConfigurationList = 7D17ED9A1C6A878000BB220D /* Build configuration list for PBXProject "RoShamBo" */;
			compatibilityVersion = "Xcode 3.2";
			developmentRegion = English;
			hasScannedForEncodings = 0;
			knownRegions = (
				en,
				Base,
			);
			mainGroup = 7D17ED961C6A878000BB220D;
			productRefGroup = 7D17EDA01C6A878000BB220D /* Products */;
			projectDirPath = "";
			projectRoot = "";
			targets = (
				7D17ED9E1C6A878000BB220D /* RoShamBo */,
				7D17EDB21C6A878000BB220D /* RoShamBoTests */,
				7D17EDBD1C6A878000BB220D /* RoShamBoUITests */,
			);
		};
/* End PBXProject section */

/* Begin PBXResourcesBuildPhase section */
		7D17ED9D1C6A878000BB220D /* Resources */ = {
			isa = PBXResourcesBuildPhase;
			buildActionMask = 2147483647;
			files = (
				7D17EDAD1C6A878000BB220D /* LaunchScreen.storyboard in Resources */,
				7D17EDAA1C6A878000BB220D /* Assets.xcassets in Resources */,
				7D17EDA81C6A878000BB220D /* Main.storyboard in Resources */,
			);
			runOnlyForDeploymentPostprocessing = 0;
		};
		7D17EDB11C6A878000BB220D /* Resources */ = {
			isa = PBXResourcesBuildPhase;
			buildActionMask = 2147483647;
			files = (
			);
			runOnlyForDeploymentPostprocessing = 0;
		};
		7D17EDBC1C6A878000BB220D /* Resources */ = {
			isa = PBXResourcesBuildPhase;
			buildActionMask = 2147483647;
			files = (
			);
			runOnlyForDeploymentPostprocessing = 0;
		};
/* End PBXResourcesBuildPhase section */

/* Begin PBXSourcesBuildPhase section */
		7D17ED9B1C6A878000BB220D /* Sources */ = {
			isa = PBXSourcesBuildPhase;
			buildActionMask = 2147483647;
			files = (
				7D17EDD11C6A8A6B00BB220D /* RoShamBoViewController.swift in Sources */,
				7D17EDD31C6A8FDD00BB220D /* WhoWonViewController.swift in Sources */,
				7D17EDA31C6A878000BB220D /* AppDelegate.swift in Sources */,
			);
			runOnlyForDeploymentPostprocessing = 0;
		};
		7D17EDAF1C6A878000BB220D /* Sources */ = {
			isa = PBXSourcesBuildPhase;
			buildActionMask = 2147483647;
			files = (
				7D17EDB81C6A878000BB220D /* RoShamBoTests.swift in Sources */,
			);
			runOnlyForDeploymentPostprocessing = 0;
		};
		7D17EDBA1C6A878000BB220D /* Sources */ = {
			isa = PBXSourcesBuildPhase;
			buildActionMask = 2147483647;
			files = (
				7D17EDC31C6A878000BB220D /* RoShamBoUITests.swift in Sources */,
			);
			runOnlyForDeploymentPostprocessing = 0;
		};
/* End PBXSourcesBuildPhase section */

/* Begin PBXTargetDependency section */
		7D17EDB51C6A878000BB220D /* PBXTargetDependency */ = {
			isa = PBXTargetDependency;
			target = 7D17ED9E1C6A878000BB220D /* RoShamBo */;
			targetProxy = 7D17EDB41C6A878000BB220D /* PBXContainerItemProxy */;
		};
		7D17EDC01C6A878000BB220D /* PBXTargetDependency */ = {
			isa = PBXTargetDependency;
			target = 7D17ED9E1C6A878000BB220D /* RoShamBo */;
			targetProxy = 7D17EDBF1C6A878000BB220D /* PBXContainerItemProxy */;
		};
/* End PBXTargetDependency section */

/* Begin PBXVariantGroup section */
		7D17EDA61C6A878000BB220D /* Main.storyboard */ = {
			isa = PBXVariantGroup;
			children = (
				7D17EDA71C6A878000BB220D /* Base */,
			);
			name = Main.storyboard;
			sourceTree = "<group>";
		};
		7D17EDAB1C6A878000BB220D /* LaunchScreen.storyboard */ = {
			isa = PBXVariantGroup;
			children = (
				7D17EDAC1C6A878000BB220D /* Base */,
			);
			name = LaunchScreen.storyboard;
			sourceTree = "<group>";
		};
/* End PBXVariantGroup section */

/* Begin XCBuildConfiguration section */
		7D17EDC51C6A878000BB220D /* Debug */ = {
			isa = XCBuildConfiguration;
			buildSettings = {
				ALWAYS_SEARCH_USER_PATHS = NO;
				CLANG_CXX_LANGUAGE_STANDARD = "gnu++0x";
				CLANG_CXX_LIBRARY = "libc++";
				CLANG_ENABLE_MODULES = YES;
				CLANG_ENABLE_OBJC_ARC = YES;
				CLANG_WARN_BOOL_CONVERSION = YES;
				CLANG_WARN_CONSTANT_CONVERSION = YES;
				CLANG_WARN_DIRECT_OBJC_ISA_USAGE = YES_ERROR;
				CLANG_WARN_EMPTY_BODY = YES;
				CLANG_WARN_ENUM_CONVERSION = YES;
				CLANG_WARN_INT_CONVERSION = YES;
				CLANG_WARN_OBJC_ROOT_CLASS = YES_ERROR;
				CLANG_WARN_UNREACHABLE_CODE = YES;
				CLANG_WARN__DUPLICATE_METHOD_MATCH = YES;
				"CODE_SIGN_IDENTITY[sdk=iphoneos*]" = "iPhone Developer";
				COPY_PHASE_STRIP = NO;
				DEBUG_INFORMATION_FORMAT = dwarf;
				ENABLE_STRICT_OBJC_MSGSEND = YES;
				ENABLE_TESTABILITY = YES;
				GCC_C_LANGUAGE_STANDARD = gnu99;
				GCC_DYNAMIC_NO_PIC = NO;
				GCC_NO_COMMON_BLOCKS = YES;
				GCC_OPTIMIZATION_LEVEL = 0;
				GCC_PREPROCESSOR_DEFINITIONS = (
					"DEBUG=1",
					"$(inherited)",
				);
				GCC_WARN_64_TO_32_BIT_CONVERSION = YES;
				GCC_WARN_ABOUT_RETURN_TYPE = YES_ERROR;
				GCC_WARN_UNDECLARED_SELECTOR = YES;
				GCC_WARN_UNINITIALIZED_AUTOS = YES_AGGRESSIVE;
				GCC_WARN_UNUSED_FUNCTION = YES;
				GCC_WARN_UNUSED_VARIABLE = YES;
				IPHONEOS_DEPLOYMENT_TARGET = 9.2;
				MTL_ENABLE_DEBUG_INFO = YES;
				ONLY_ACTIVE_ARCH = YES;
				SDKROOT = iphoneos;
				SWIFT_OPTIMIZATION_LEVEL = "-Onone";
			};
			name = Debug;
		};
		7D17EDC61C6A878000BB220D /* Release */ = {
			isa = XCBuildConfiguration;
			buildSettings = {
				ALWAYS_SEARCH_USER_PATHS = NO;
				CLANG_CXX_LANGUAGE_STANDARD = "gnu++0x";
				CLANG_CXX_LIBRARY = "libc++";
				CLANG_ENABLE_MODULES = YES;
				CLANG_ENABLE_OBJC_ARC = YES;
				CLANG_WARN_BOOL_CONVERSION = YES;
				CLANG_WARN_CONSTANT_CONVERSION = YES;
				CLANG_WARN_DIRECT_OBJC_ISA_USAGE = YES_ERROR;
				CLANG_WARN_EMPTY_BODY = YES;
				CLANG_WARN_ENUM_CONVERSION = YES;
				CLANG_WARN_INT_CONVERSION = YES;
				CLANG_WARN_OBJC_ROOT_CLASS = YES_ERROR;
				CLANG_WARN_UNREACHABLE_CODE = YES;
				CLANG_WARN__DUPLICATE_METHOD_MATCH = YES;
				"CODE_SIGN_IDENTITY[sdk=iphoneos*]" = "iPhone Developer";
				COPY_PHASE_STRIP = NO;
				DEBUG_INFORMATION_FORMAT = "dwarf-with-dsym";
				ENABLE_NS_ASSERTIONS = NO;
				ENABLE_STRICT_OBJC_MSGSEND = YES;
				GCC_C_LANGUAGE_STANDARD = gnu99;
				GCC_NO_COMMON_BLOCKS = YES;
				GCC_WARN_64_TO_32_BIT_CONVERSION = YES;
				GCC_WARN_ABOUT_RETURN_TYPE = YES_ERROR;
				GCC_WARN_UNDECLARED_SELECTOR = YES;
				GCC_WARN_UNINITIALIZED_AUTOS = YES_AGGRESSIVE;
				GCC_WARN_UNUSED_FUNCTION = YES;
				GCC_WARN_UNUSED_VARIABLE = YES;
				IPHONEOS_DEPLOYMENT_TARGET = 9.2;
				MTL_ENABLE_DEBUG_INFO = NO;
				SDKROOT = iphoneos;
				VALIDATE_PRODUCT = YES;
			};
			name = Release;
		};
		7D17EDC81C6A878000BB220D /* Debug */ = {
			isa = XCBuildConfiguration;
			buildSettings = {
				ASSETCATALOG_COMPILER_APPICON_NAME = AppIcon;
				INFOPLIST_FILE = RoShamBo/Info.plist;
				LD_RUNPATH_SEARCH_PATHS = "$(inherited) @executable_path/Frameworks";
				PRODUCT_BUNDLE_IDENTIFIER = Appsolutely.RoShamBo;
				PRODUCT_NAME = "$(TARGET_NAME)";
			};
			name = Debug;
		};
		7D17EDC91C6A878000BB220D /* Release */ = {
			isa = XCBuildConfiguration;
			buildSettings = {
				ASSETCATALOG_COMPILER_APPICON_NAME = AppIcon;
				INFOPLIST_FILE = RoShamBo/Info.plist;
				LD_RUNPATH_SEARCH_PATHS = "$(inherited) @executable_path/Frameworks";
				PRODUCT_BUNDLE_IDENTIFIER = Appsolutely.RoShamBo;
				PRODUCT_NAME = "$(TARGET_NAME)";
			};
			name = Release;
		};
		7D17EDCB1C6A878000BB220D /* Debug */ = {
			isa = XCBuildConfiguration;
			buildSettings = {
				BUNDLE_LOADER = "$(TEST_HOST)";
				INFOPLIST_FILE = RoShamBoTests/Info.plist;
				LD_RUNPATH_SEARCH_PATHS = "$(inherited) @executable_path/Frameworks @loader_path/Frameworks";
				PRODUCT_BUNDLE_IDENTIFIER = Appsolutely.RoShamBoTests;
				PRODUCT_NAME = "$(TARGET_NAME)";
				TEST_HOST = "$(BUILT_PRODUCTS_DIR)/RoShamBo.app/RoShamBo";
			};
			name = Debug;
		};
		7D17EDCC1C6A878000BB220D /* Release */ = {
			isa = XCBuildConfiguration;
			buildSettings = {
				BUNDLE_LOADER = "$(TEST_HOST)";
				INFOPLIST_FILE = RoShamBoTests/Info.plist;
				LD_RUNPATH_SEARCH_PATHS = "$(inherited) @executable_path/Frameworks @loader_path/Frameworks";
				PRODUCT_BUNDLE_IDENTIFIER = Appsolutely.RoShamBoTests;
				PRODUCT_NAME = "$(TARGET_NAME)";
				TEST_HOST = "$(BUILT_PRODUCTS_DIR)/RoShamBo.app/RoShamBo";
			};
			name = Release;
		};
		7D17EDCE1C6A878000BB220D /* Debug */ = {
			isa = XCBuildConfiguration;
			buildSettings = {
				INFOPLIST_FILE = RoShamBoUITests/Info.plist;
				LD_RUNPATH_SEARCH_PATHS = "$(inherited) @executable_path/Frameworks @loader_path/Frameworks";
				PRODUCT_BUNDLE_IDENTIFIER = Appsolutely.RoShamBoUITests;
				PRODUCT_NAME = "$(TARGET_NAME)";
				TEST_TARGET_NAME = RoShamBo;
				USES_XCTRUNNER = YES;
			};
			name = Debug;
		};
		7D17EDCF1C6A878000BB220D /* Release */ = {
			isa = XCBuildConfiguration;
			buildSettings = {
				INFOPLIST_FILE = RoShamBoUITests/Info.plist;
				LD_RUNPATH_SEARCH_PATHS = "$(inherited) @executable_path/Frameworks @loader_path/Frameworks";
				PRODUCT_BUNDLE_IDENTIFIER = Appsolutely.RoShamBoUITests;
				PRODUCT_NAME = "$(TARGET_NAME)";
				TEST_TARGET_NAME = RoShamBo;
				USES_XCTRUNNER = YES;
			};
			name = Release;
		};
/* End XCBuildConfiguration section */

/* Begin XCConfigurationList section */
		7D17ED9A1C6A878000BB220D /* Build configuration list for PBXProject "RoShamBo" */ = {
			isa = XCConfigurationList;
			buildConfigurations = (
				7D17EDC51C6A878000BB220D /* Debug */,
				7D17EDC61C6A878000BB220D /* Release */,
			);
			defaultConfigurationIsVisible = 0;
			defaultConfigurationName = Release;
		};
		7D17EDC71C6A878000BB220D /* Build configuration list for PBXNativeTarget "RoShamBo" */ = {
			isa = XCConfigurationList;
			buildConfigurations = (
				7D17EDC81C6A878000BB220D /* Debug */,
				7D17EDC91C6A878000BB220D /* Release */,
			);
			defaultConfigurationIsVisible = 0;
			defaultConfigurationName = Release;
		};
		7D17EDCA1C6A878000BB220D /* Build configuration list for PBXNativeTarget "RoShamBoTests" */ = {
			isa = XCConfigurationList;
			buildConfigurations = (
				7D17EDCB1C6A878000BB220D /* Debug */,
				7D17EDCC1C6A878000BB220D /* Release */,
			);
			defaultConfigurationIsVisible = 0;
			defaultConfigurationName = Release;
		};
		7D17EDCD1C6A878000BB220D /* Build configuration list for PBXNativeTarget "RoShamBoUITests" */ = {
			isa = XCConfigurationList;
			buildConfigurations = (
				7D17EDCE1C6A878000BB220D /* Debug */,
				7D17EDCF1C6A878000BB220D /* Release */,
			);
			defaultConfigurationIsVisible = 0;
			defaultConfigurationName = Release;
		};
/* End XCConfigurationList section */
	};
	rootObject = 7D17ED971C6A878000BB220D /* Project object */;
}
